
Microsoft Visual Studio Solution File, Format Version 11.00
# Visual Studio 2010
Project("{FAE04EC0-301F-11D3-BF4B-00C04F79EFBC}") = "BrainfuckInterpreter", "BrainfuckInterpreter\BrainfuckInterpreter.csproj", "{4cccc351-deea-4d0a-94e3-c46f544e22fe}"
EndProject
Global
	GlobalSection(SolutionConfigurationPlatforms) = preSolution
		Debug|Any CPU = Debug|Any CPU
		Release|Any CPU = Release|Any CPU
	EndGlobalSection
	GlobalSection(ProjectConfigurationPlatforms) = postSolution
		{4CCCC351-DEEA-4D0A-94E3-C46F544E22FE}.Debug|Any CPU.ActiveCfg = Debug|Any CPU
		{4CCCC351-DEEA-4D0A-94E3-C46F544E22FE}.Debug|Any CPU.Build.0 = Debug|Any CPU
		{4CCCC351-DEEA-4D0A-94E3-C46F544E22FE}.Debug|Any CPU.Deploy.0 = Debug|Any CPU
		{4CCCC351-DEEA-4D0A-94E3-C46F544E22FE}.Release|Any CPU.ActiveCfg = Release|Any CPU
		{4CCCC351-DEEA-4D0A-94E3-C46F544E22FE}.Release|Any CPU.Build.0 = Release|Any CPU
		{4CCCC351-DEEA-4D0A-94E3-C46F544E22FE}.Release|Any CPU.Deploy.0 = Release|Any CPU
	EndGlobalSection
EndGlobal
